
Microsoft Visual Studio Solution File, Format Version 12.00
# Visual Studio Version 17
VisualStudioVersion = 17.3.32819.101
MinimumVisualStudioVersion = 10.0.40219.1
Project("{8BC9CEB8-8B4A-11D0-8D11-00A0C91BC942}") = "AutoFocusProj", "AutoFocusProj\AutoFocusProj.vcxproj", "{6E5E18DF-7666-4523-985A-F581094F9D02}"
EndProject
Project("{8BC9CEB8-8B4A-11D0-8D11-00A0C91BC942}") = "DepthSensorClient", "DepthSensorClient\DepthSensorClient.vcxproj", "{B5C904F9-704E-4BD3-B62C-07D31F9589C1}"
EndProject
Project("{8BC9CEB8-8B4A-11D0-8D11-00A0C91BC942}") = "ArduinoReaderProj", "ArduinoReaderProj\ArduinoReaderProj.vcxproj", "{8C71DE40-25A9-4A5A-A853-0CCB7DBA3BE1}"
EndProject
Project("{8BC9CEB8-8B4A-11D0-8D11-00A0C91BC942}") = "ExecutableCallTest", "ExecutableCallTest\ExecutableCallTest.vcxproj", "{364D4F29-B0CD-4DC5-8DBC-92053858D95A}"
EndProject
Global
	GlobalSection(SolutionConfigurationPlatforms) = preSolution
		Debug|x64 = Debug|x64
		Debug|x86 = Debug|x86
		Release|x64 = Release|x64
		Release|x86 = Release|x86
	EndGlobalSection
	GlobalSection(ProjectConfigurationPlatforms) = postSolution
		{6E5E18DF-7666-4523-985A-F581094F9D02}.Debug|x64.ActiveCfg = Debug|x64
		{6E5E18DF-7666-4523-985A-F581094F9D02}.Debug|x64.Build.0 = Debug|x64
		{6E5E18DF-7666-4523-985A-F581094F9D02}.Debug|x86.ActiveCfg = Debug|Win32
		{6E5E18DF-7666-4523-985A-F581094F9D02}.Debug|x86.Build.0 = Debug|Win32
		{6E5E18DF-7666-4523-985A-F581094F9D02}.Release|x64.ActiveCfg = Release|x64
		{6E5E18DF-7666-4523-985A-F581094F9D02}.Release|x64.Build.0 = Release|x64
		{6E5E18DF-7666-4523-985A-F581094F9D02}.Release|x86.ActiveCfg = Release|Win32
		{6E5E18DF-7666-4523-985A-F581094F9D02}.Release|x86.Build.0 = Release|Win32
		{B5C904F9-704E-4BD3-B62C-07D31F9589C1}.Debug|x64.ActiveCfg = Debug|x64
		{B5C904F9-704E-4BD3-B62C-07D31F9589C1}.Debug|x64.Build.0 = Debug|x64
		{B5C904F9-704E-4BD3-B62C-07D31F9589C1}.Debug|x86.ActiveCfg = Debug|Win32
		{B5C904F9-704E-4BD3-B62C-07D31F9589C1}.Debug|x86.Build.0 = Debug|Win32
		{B5C904F9-704E-4BD3-B62C-07D31F9589C1}.Release|x64.ActiveCfg = Release|x64
		{B5C904F9-704E-4BD3-B62C-07D31F9589C1}.Release|x64.Build.0 = Release|x64
		{B5C904F9-704E-4BD3-B62C-07D31F9589C1}.Release|x86.ActiveCfg = Release|Win32
		{B5C904F9-704E-4BD3-B62C-07D31F9589C1}.Release|x86.Build.0 = Release|Win32
		{8C71DE40-25A9-4A5A-A853-0CCB7DBA3BE1}.Debug|x64.ActiveCfg = Debug|x64
		{8C71DE40-25A9-4A5A-A853-0CCB7DBA3BE1}.Debug|x64.Build.0 = Debug|x64
		{8C71DE40-25A9-4A5A-A853-0CCB7DBA3BE1}.Debug|x86.ActiveCfg = Debug|Win32
		{8C71DE40-25A9-4A5A-A853-0CCB7DBA3BE1}.Debug|x86.Build.0 = Debug|Win32
		{8C71DE40-25A9-4A5A-A853-0CCB7DBA3BE1}.Release|x64.ActiveCfg = Release|x64
		{8C71DE40-25A9-4A5A-A853-0CCB7DBA3BE1}.Release|x64.Build.0 = Release|x64
		{8C71DE40-25A9-4A5A-A853-0CCB7DBA3BE1}.Release|x86.ActiveCfg = Release|Win32
		{8C71DE40-25A9-4A5A-A853-0CCB7DBA3BE1}.Release|x86.Build.0 = Release|Win32
		{364D4F29-B0CD-4DC5-8DBC-92053858D95A}.Debug|x64.ActiveCfg = Debug|x64
		{364D4F29-B0CD-4DC5-8DBC-92053858D95A}.Debug|x64.Build.0 = Debug|x64
		{364D4F29-B0CD-4DC5-8DBC-92053858D95A}.Debug|x86.ActiveCfg = Debug|Win32
		{364D4F29-B0CD-4DC5-8DBC-92053858D95A}.Debug|x86.Build.0 = Debug|Win32
		{364D4F29-B0CD-4DC5-8DBC-92053858D95A}.Release|x64.ActiveCfg = Release|x64
		{364D4F29-B0CD-4DC5-8DBC-92053858D95A}.Release|x64.Build.0 = Release|x64
		{364D4F29-B0CD-4DC5-8DBC-92053858D95A}.Release|x86.ActiveCfg = Release|Win32
		{364D4F29-B0CD-4DC5-8DBC-92053858D95A}.Release|x86.Build.0 = Release|Win32
	EndGlobalSection
	GlobalSection(SolutionProperties) = preSolution
		HideSolutionNode = FALSE
	EndGlobalSection
	GlobalSection(ExtensibilityGlobals) = postSolution
		SolutionGuid = {FA066F7D-59D6-45BA-A083-E72CC71FDE07}
	EndGlobalSection
EndGlobal
