
Microsoft Visual Studio Solution File, Format Version 12.00
# Visual Studio 15
VisualStudioVersion = 15.0.28307.1913
MinimumVisualStudioVersion = 10.0.40219.1
Project("{FAE04EC0-301F-11D3-BF4B-00C04F79EFBC}") = "ComputarAutoLens", "ComputarAutoLens\ComputarAutoLens.csproj", "{5A6DE0BE-D7D2-45BA-B7C0-77994D36BD3A}"
EndProject
Global
	GlobalSection(SolutionConfigurationPlatforms) = preSolution
		Debug|Any CPU = Debug|Any CPU
		Release|Any CPU = Release|Any CPU
	EndGlobalSection
	GlobalSection(ProjectConfigurationPlatforms) = postSolution
		{5A6DE0BE-D7D2-45BA-B7C0-77994D36BD3A}.Debug|Any CPU.ActiveCfg = Debug|Any CPU
		{5A6DE0BE-D7D2-45BA-B7C0-77994D36BD3A}.Debug|Any CPU.Build.0 = Debug|Any CPU
		{5A6DE0BE-D7D2-45BA-B7C0-77994D36BD3A}.Release|Any CPU.ActiveCfg = Release|Any CPU
		{5A6DE0BE-D7D2-45BA-B7C0-77994D36BD3A}.Release|Any CPU.Build.0 = Release|Any CPU
	EndGlobalSection
	GlobalSection(SolutionProperties) = preSolution
		HideSolutionNode = FALSE
	EndGlobalSection
	GlobalSection(ExtensibilityGlobals) = postSolution
		SolutionGuid = {CBBF15E0-F76F-41A2-8992-644E444D4A61}
	EndGlobalSection
EndGlobal
