
Microsoft Visual Studio Solution File, Format Version 12.00
# Visual Studio Version 17
VisualStudioVersion = 17.3.32819.101
MinimumVisualStudioVersion = 10.0.40219.1
Project("{FAE04EC0-301F-11D3-BF4B-00C04F79EFBC}") = "SaveDataToJson", "SaveDataToJson\SaveDataToJson.csproj", "{C305AE9D-C197-4B1E-8CF0-E477947F4F51}"
EndProject
Global
	GlobalSection(SolutionConfigurationPlatforms) = preSolution
		Debug|Any CPU = Debug|Any CPU
		Release|Any CPU = Release|Any CPU
	EndGlobalSection
	GlobalSection(ProjectConfigurationPlatforms) = postSolution
		{C305AE9D-C197-4B1E-8CF0-E477947F4F51}.Debug|Any CPU.ActiveCfg = Debug|Any CPU
		{C305AE9D-C197-4B1E-8CF0-E477947F4F51}.Debug|Any CPU.Build.0 = Debug|Any CPU
		{C305AE9D-C197-4B1E-8CF0-E477947F4F51}.Release|Any CPU.ActiveCfg = Release|Any CPU
		{C305AE9D-C197-4B1E-8CF0-E477947F4F51}.Release|Any CPU.Build.0 = Release|Any CPU
	EndGlobalSection
	GlobalSection(SolutionProperties) = preSolution
		HideSolutionNode = FALSE
	EndGlobalSection
	GlobalSection(ExtensibilityGlobals) = postSolution
		SolutionGuid = {A4BED894-C252-426E-AB5E-13ED3A299385}
	EndGlobalSection
EndGlobal
